
Microsoft Visual Studio Solution File, Format Version 12.00
# Visual Studio Version 17
VisualStudioVersion = 17.10.35013.160
MinimumVisualStudioVersion = 10.0.40219.1
Project("{FAE04EC0-301F-11D3-BF4B-00C04F79EFBC}") = "ReactAspCRUD", "ReactAspCRUD\ReactAspCRUD.csproj", "{FEB8EDA2-21E2-447A-A2A9-9929E4CCA261}"
EndProject
Global
	GlobalSection(SolutionConfigurationPlatforms) = preSolution
		Debug|Any CPU = Debug|Any CPU
		Release|Any CPU = Release|Any CPU
	EndGlobalSection
	GlobalSection(ProjectConfigurationPlatforms) = postSolution
		{FEB8EDA2-21E2-447A-A2A9-9929E4CCA261}.Debug|Any CPU.ActiveCfg = Debug|Any CPU
		{FEB8EDA2-21E2-447A-A2A9-9929E4CCA261}.Debug|Any CPU.Build.0 = Debug|Any CPU
		{FEB8EDA2-21E2-447A-A2A9-9929E4CCA261}.Release|Any CPU.ActiveCfg = Release|Any CPU
		{FEB8EDA2-21E2-447A-A2A9-9929E4CCA261}.Release|Any CPU.Build.0 = Release|Any CPU
	EndGlobalSection
	GlobalSection(SolutionProperties) = preSolution
		HideSolutionNode = FALSE
	EndGlobalSection
	GlobalSection(ExtensibilityGlobals) = postSolution
		SolutionGuid = {542A6327-95E4-4F31-BD4B-2BA22BD8BD06}
	EndGlobalSection
EndGlobal
